// !$*UTF8*$!
{
	archiveVersion = 1;
	classes = {
	};
	objectVersion = 55;
	objects = {

/* Begin PBXBuildFile section */
		543D32D528CBA95100844088 /* AppDelegate.swift in Sources */ = {isa = PBXBuildFile; fileRef = 543D32D428CBA95100844088 /* AppDelegate.swift */; };
		543D32D728CBA95100844088 /* SceneDelegate.swift in Sources */ = {isa = PBXBuildFile; fileRef = 543D32D628CBA95100844088 /* SceneDelegate.swift */; };
		543D32DC28CBA95100844088 /* Main.storyboard in Resources */ = {isa = PBXBuildFile; fileRef = 543D32DA28CBA95100844088 /* Main.storyboard */; };
		543D32DE28CBA95500844088 /* Assets.xcassets in Resources */ = {isa = PBXBuildFile; fileRef = 543D32DD28CBA95500844088 /* Assets.xcassets */; };
		543D32E128CBA95500844088 /* LaunchScreen.storyboard in Resources */ = {isa = PBXBuildFile; fileRef = 543D32DF28CBA95500844088 /* LaunchScreen.storyboard */; };
		543D32EC28CBA95500844088 /* chap3Tests.swift in Sources */ = {isa = PBXBuildFile; fileRef = 543D32EB28CBA95500844088 /* chap3Tests.swift */; };
		543D32F628CBA95500844088 /* chap3UITests.swift in Sources */ = {isa = PBXBuildFile; fileRef = 543D32F528CBA95500844088 /* chap3UITests.swift */; };
		543D32F828CBA95500844088 /* chap3UITestsLaunchTests.swift in Sources */ = {isa = PBXBuildFile; fileRef = 543D32F728CBA95500844088 /* chap3UITestsLaunchTests.swift */; };
		543D330728CD047500844088 /* SymbolRollerViewController.swift in Sources */ = {isa = PBXBuildFile; fileRef = 543D330628CD047500844088 /* SymbolRollerViewController.swift */; };
/* End PBXBuildFile section */

/* Begin PBXContainerItemProxy section */
		543D32E828CBA95500844088 /* PBXContainerItemProxy */ = {
			isa = PBXContainerItemProxy;
			containerPortal = 543D32C928CBA95100844088 /* Project object */;
			proxyType = 1;
			remoteGlobalIDString = 543D32D028CBA95100844088;
			remoteInfo = chap3;
		};
		543D32F228CBA95500844088 /* PBXContainerItemProxy */ = {
			isa = PBXContainerItemProxy;
			containerPortal = 543D32C928CBA95100844088 /* Project object */;
			proxyType = 1;
			remoteGlobalIDString = 543D32D028CBA95100844088;
			remoteInfo = chap3;
		};
/* End PBXContainerItemProxy section */

/* Begin PBXFileReference section */
		543D32D128CBA95100844088 /* chap3.app */ = {isa = PBXFileReference; explicitFileType = wrapper.application; includeInIndex = 0; path = chap3.app; sourceTree = BUILT_PRODUCTS_DIR; };
		543D32D428CBA95100844088 /* AppDelegate.swift */ = {isa = PBXFileReference; lastKnownFileType = sourcecode.swift; path = AppDelegate.swift; sourceTree = "<group>"; };
		543D32D628CBA95100844088 /* SceneDelegate.swift */ = {isa = PBXFileReference; lastKnownFileType = sourcecode.swift; path = SceneDelegate.swift; sourceTree = "<group>"; };
		543D32DB28CBA95100844088 /* Base */ = {isa = PBXFileReference; lastKnownFileType = file.storyboard; name = Base; path = Base.lproj/Main.storyboard; sourceTree = "<group>"; };
		543D32DD28CBA95500844088 /* Assets.xcassets */ = {isa = PBXFileReference; lastKnownFileType = folder.assetcatalog; path = Assets.xcassets; sourceTree = "<group>"; };
		543D32E028CBA95500844088 /* Base */ = {isa = PBXFileReference; lastKnownFileType = file.storyboard; name = Base; path = Base.lproj/LaunchScreen.storyboard; sourceTree = "<group>"; };
		543D32E228CBA95500844088 /* Info.plist */ = {isa = PBXFileReference; lastKnownFileType = text.plist.xml; path = Info.plist; sourceTree = "<group>"; };
		543D32E728CBA95500844088 /* chap3Tests.xctest */ = {isa = PBXFileReference; explicitFileType = wrapper.cfbundle; includeInIndex = 0; path = chap3Tests.xctest; sourceTree = BUILT_PRODUCTS_DIR; };
		543D32EB28CBA95500844088 /* chap3Tests.swift */ = {isa = PBXFileReference; lastKnownFileType = sourcecode.swift; path = chap3Tests.swift; sourceTree = "<group>"; };
		543D32F128CBA95500844088 /* chap3UITests.xctest */ = {isa = PBXFileReference; explicitFileType = wrapper.cfbundle; includeInIndex = 0; path = chap3UITests.xctest; sourceTree = BUILT_PRODUCTS_DIR; };
		543D32F528CBA95500844088 /* chap3UITests.swift */ = {isa = PBXFileReference; lastKnownFileType = sourcecode.swift; path = chap3UITests.swift; sourceTree = "<group>"; };
		543D32F728CBA95500844088 /* chap3UITestsLaunchTests.swift */ = {isa = PBXFileReference; lastKnownFileType = sourcecode.swift; path = chap3UITestsLaunchTests.swift; sourceTree = "<group>"; };
		543D330628CD047500844088 /* SymbolRollerViewController.swift */ = {isa = PBXFileReference; lastKnownFileType = sourcecode.swift; path = SymbolRollerViewController.swift; sourceTree = "<group>"; };
/* End PBXFileReference section */

/* Begin PBXFrameworksBuildPhase section */
		543D32CE28CBA95100844088 /* Frameworks */ = {
			isa = PBXFrameworksBuildPhase;
			buildActionMask = 2147483647;
			files = (
			);
			runOnlyForDeploymentPostprocessing = 0;
		};
		543D32E428CBA95500844088 /* Frameworks */ = {
			isa = PBXFrameworksBuildPhase;
			buildActionMask = 2147483647;
			files = (
			);
			runOnlyForDeploymentPostprocessing = 0;
		};
		543D32EE28CBA95500844088 /* Frameworks */ = {
			isa = PBXFrameworksBuildPhase;
			buildActionMask = 2147483647;
			files = (
			);
			runOnlyForDeploymentPostprocessing = 0;
		};
/* End PBXFrameworksBuildPhase section */

/* Begin PBXGroup section */
		543D32C828CBA95100844088 = {
			isa = PBXGroup;
			children = (
				543D32D328CBA95100844088 /* chap3 */,
				543D32EA28CBA95500844088 /* chap3Tests */,
				543D32F428CBA95500844088 /* chap3UITests */,
				543D32D228CBA95100844088 /* Products */,
			);
			sourceTree = "<group>";
		};
		543D32D228CBA95100844088 /* Products */ = {
			isa = PBXGroup;
			children = (
				543D32D128CBA95100844088 /* chap3.app */,
				543D32E728CBA95500844088 /* chap3Tests.xctest */,
				543D32F128CBA95500844088 /* chap3UITests.xctest */,
			);
			name = Products;
			sourceTree = "<group>";
		};
		543D32D328CBA95100844088 /* chap3 */ = {
			isa = PBXGroup;
			children = (
				543D32D428CBA95100844088 /* AppDelegate.swift */,
				543D32D628CBA95100844088 /* SceneDelegate.swift */,
				543D330628CD047500844088 /* SymbolRollerViewController.swift */,
				543D32DA28CBA95100844088 /* Main.storyboard */,
				543D32DD28CBA95500844088 /* Assets.xcassets */,
				543D32DF28CBA95500844088 /* LaunchScreen.storyboard */,
				543D32E228CBA95500844088 /* Info.plist */,
			);
			path = chap3;
			sourceTree = "<group>";
		};
		543D32EA28CBA95500844088 /* chap3Tests */ = {
			isa = PBXGroup;
			children = (
				543D32EB28CBA95500844088 /* chap3Tests.swift */,
			);
			path = chap3Tests;
			sourceTree = "<group>";
		};
		543D32F428CBA95500844088 /* chap3UITests */ = {
			isa = PBXGroup;
			children = (
				543D32F528CBA95500844088 /* chap3UITests.swift */,
				543D32F728CBA95500844088 /* chap3UITestsLaunchTests.swift */,
			);
			path = chap3UITests;
			sourceTree = "<group>";
		};
/* End PBXGroup section */

/* Begin PBXNativeTarget section */
		543D32D028CBA95100844088 /* chap3 */ = {
			isa = PBXNativeTarget;
			buildConfigurationList = 543D32FB28CBA95500844088 /* Build configuration list for PBXNativeTarget "chap3" */;
			buildPhases = (
				543D32CD28CBA95100844088 /* Sources */,
				543D32CE28CBA95100844088 /* Frameworks */,
				543D32CF28CBA95100844088 /* Resources */,
			);
			buildRules = (
			);
			dependencies = (
			);
			name = chap3;
			productName = chap3;
			productReference = 543D32D128CBA95100844088 /* chap3.app */;
			productType = "com.apple.product-type.application";
		};
		543D32E628CBA95500844088 /* chap3Tests */ = {
			isa = PBXNativeTarget;
			buildConfigurationList = 543D32FE28CBA95500844088 /* Build configuration list for PBXNativeTarget "chap3Tests" */;
			buildPhases = (
				543D32E328CBA95500844088 /* Sources */,
				543D32E428CBA95500844088 /* Frameworks */,
				543D32E528CBA95500844088 /* Resources */,
			);
			buildRules = (
			);
			dependencies = (
				543D32E928CBA95500844088 /* PBXTargetDependency */,
			);
			name = chap3Tests;
			productName = chap3Tests;
			productReference = 543D32E728CBA95500844088 /* chap3Tests.xctest */;
			productType = "com.apple.product-type.bundle.unit-test";
		};
		543D32F028CBA95500844088 /* chap3UITests */ = {
			isa = PBXNativeTarget;
			buildConfigurationList = 543D330128CBA95500844088 /* Build configuration list for PBXNativeTarget "chap3UITests" */;
			buildPhases = (
				543D32ED28CBA95500844088 /* Sources */,
				543D32EE28CBA95500844088 /* Frameworks */,
				543D32EF28CBA95500844088 /* Resources */,
			);
			buildRules = (
			);
			dependencies = (
				543D32F328CBA95500844088 /* PBXTargetDependency */,
			);
			name = chap3UITests;
			productName = chap3UITests;
			productReference = 543D32F128CBA95500844088 /* chap3UITests.xctest */;
			productType = "com.apple.product-type.bundle.ui-testing";
		};
/* End PBXNativeTarget section */

/* Begin PBXProject section */
		543D32C928CBA95100844088 /* Project object */ = {
			isa = PBXProject;
			attributes = {
				BuildIndependentTargetsInParallel = 1;
				LastSwiftUpdateCheck = 1340;
				LastUpgradeCheck = 1340;
				TargetAttributes = {
					543D32D028CBA95100844088 = {
						CreatedOnToolsVersion = 13.4.1;
					};
					543D32E628CBA95500844088 = {
						CreatedOnToolsVersion = 13.4.1;
						TestTargetID = 543D32D028CBA95100844088;
					};
					543D32F028CBA95500844088 = {
						CreatedOnToolsVersion = 13.4.1;
						TestTargetID = 543D32D028CBA95100844088;
					};
				};
			};
			buildConfigurationList = 543D32CC28CBA95100844088 /* Build configuration list for PBXProject "chap3" */;
			compatibilityVersion = "Xcode 13.0";
			developmentRegion = en;
			hasScannedForEncodings = 0;
			knownRegions = (
				en,
				Base,
			);
			mainGroup = 543D32C828CBA95100844088;
			productRefGroup = 543D32D228CBA95100844088 /* Products */;
			projectDirPath = "";
			projectRoot = "";
			targets = (
				543D32D028CBA95100844088 /* chap3 */,
				543D32E628CBA95500844088 /* chap3Tests */,
				543D32F028CBA95500844088 /* chap3UITests */,
			);
		};
/* End PBXProject section */

/* Begin PBXResourcesBuildPhase section */
		543D32CF28CBA95100844088 /* Resources */ = {
			isa = PBXResourcesBuildPhase;
			buildActionMask = 2147483647;
			files = (
				543D32E128CBA95500844088 /* LaunchScreen.storyboard in Resources */,
				543D32DE28CBA95500844088 /* Assets.xcassets in Resources */,
				543D32DC28CBA95100844088 /* Main.storyboard in Resources */,
			);
			runOnlyForDeploymentPostprocessing = 0;
		};
		543D32E528CBA95500844088 /* Resources */ = {
			isa = PBXResourcesBuildPhase;
			buildActionMask = 2147483647;
			files = (
			);
			runOnlyForDeploymentPostprocessing = 0;
		};
		543D32EF28CBA95500844088 /* Resources */ = {
			isa = PBXResourcesBuildPhase;
			buildActionMask = 2147483647;
			files = (
			);
			runOnlyForDeploymentPostprocessing = 0;
		};
/* End PBXResourcesBuildPhase section */

/* Begin PBXSourcesBuildPhase section */
		543D32CD28CBA95100844088 /* Sources */ = {
			isa = PBXSourcesBuildPhase;
			buildActionMask = 2147483647;
			files = (
				543D32D528CBA95100844088 /* AppDelegate.swift in Sources */,
				543D32D728CBA95100844088 /* SceneDelegate.swift in Sources */,
				543D330728CD047500844088 /* SymbolRollerViewController.swift in Sources */,
			);
			runOnlyForDeploymentPostprocessing = 0;
		};
		543D32E328CBA95500844088 /* Sources */ = {
			isa = PBXSourcesBuildPhase;
			buildActionMask = 2147483647;
			files = (
				543D32EC28CBA95500844088 /* chap3Tests.swift in Sources */,
			);
			runOnlyForDeploymentPostprocessing = 0;
		};
		543D32ED28CBA95500844088 /* Sources */ = {
			isa = PBXSourcesBuildPhase;
			buildActionMask = 2147483647;
			files = (
				543D32F828CBA95500844088 /* chap3UITestsLaunchTests.swift in Sources */,
				543D32F628CBA95500844088 /* chap3UITests.swift in Sources */,
			);
			runOnlyForDeploymentPostprocessing = 0;
		};
/* End PBXSourcesBuildPhase section */

/* Begin PBXTargetDependency section */
		543D32E928CBA95500844088 /* PBXTargetDependency */ = {
			isa = PBXTargetDependency;
			target = 543D32D028CBA95100844088 /* chap3 */;
			targetProxy = 543D32E828CBA95500844088 /* PBXContainerItemProxy */;
		};
		543D32F328CBA95500844088 /* PBXTargetDependency */ = {
			isa = PBXTargetDependency;
			target = 543D32D028CBA95100844088 /* chap3 */;
			targetProxy = 543D32F228CBA95500844088 /* PBXContainerItemProxy */;
		};
/* End PBXTargetDependency section */

/* Begin PBXVariantGroup section */
		543D32DA28CBA95100844088 /* Main.storyboard */ = {
			isa = PBXVariantGroup;
			children = (
				543D32DB28CBA95100844088 /* Base */,
			);
			name = Main.storyboard;
			sourceTree = "<group>";
		};
		543D32DF28CBA95500844088 /* LaunchScreen.storyboard */ = {
			isa = PBXVariantGroup;
			children = (
				543D32E028CBA95500844088 /* Base */,
			);
			name = LaunchScreen.storyboard;
			sourceTree = "<group>";
		};
/* End PBXVariantGroup section */

/* Begin XCBuildConfiguration section */
		543D32F928CBA95500844088 /* Debug */ = {
			isa = XCBuildConfiguration;
			buildSettings = {
				ALWAYS_SEARCH_USER_PATHS = NO;
				CLANG_ANALYZER_NONNULL = YES;
				CLANG_ANALYZER_NUMBER_OBJECT_CONVERSION = YES_AGGRESSIVE;
				CLANG_CXX_LANGUAGE_STANDARD = "gnu++17";
				CLANG_ENABLE_MODULES = YES;
				CLANG_ENABLE_OBJC_ARC = YES;
				CLANG_ENABLE_OBJC_WEAK = YES;
				CLANG_WARN_BLOCK_CAPTURE_AUTORELEASING = YES;
				CLANG_WARN_BOOL_CONVERSION = YES;
				CLANG_WARN_COMMA = YES;
				CLANG_WARN_CONSTANT_CONVERSION = YES;
				CLANG_WARN_DEPRECATED_OBJC_IMPLEMENTATIONS = YES;
				CLANG_WARN_DIRECT_OBJC_ISA_USAGE = YES_ERROR;
				CLANG_WARN_DOCUMENTATION_COMMENTS = YES;
				CLANG_WARN_EMPTY_BODY = YES;
				CLANG_WARN_ENUM_CONVERSION = YES;
				CLANG_WARN_INFINITE_RECURSION = YES;
				CLANG_WARN_INT_CONVERSION = YES;
				CLANG_WARN_NON_LITERAL_NULL_CONVERSION = YES;
				CLANG_WARN_OBJC_IMPLICIT_RETAIN_SELF = YES;
				CLANG_WARN_OBJC_LITERAL_CONVERSION = YES;
				CLANG_WARN_OBJC_ROOT_CLASS = YES_ERROR;
				CLANG_WARN_QUOTED_INCLUDE_IN_FRAMEWORK_HEADER = YES;
				CLANG_WARN_RANGE_LOOP_ANALYSIS = YES;
				CLANG_WARN_STRICT_PROTOTYPES = YES;
				CLANG_WARN_SUSPICIOUS_MOVE = YES;
				CLANG_WARN_UNGUARDED_AVAILABILITY = YES_AGGRESSIVE;
				CLANG_WARN_UNREACHABLE_CODE = YES;
				CLANG_WARN__DUPLICATE_METHOD_MATCH = YES;
				COPY_PHASE_STRIP = NO;
				DEBUG_INFORMATION_FORMAT = dwarf;
				ENABLE_STRICT_OBJC_MSGSEND = YES;
				ENABLE_TESTABILITY = YES;
				GCC_C_LANGUAGE_STANDARD = gnu11;
				GCC_DYNAMIC_NO_PIC = NO;
				GCC_NO_COMMON_BLOCKS = YES;
				GCC_OPTIMIZATION_LEVEL = 0;
				GCC_PREPROCESSOR_DEFINITIONS = (
					"DEBUG=1",
					"$(inherited)",
				);
				GCC_WARN_64_TO_32_BIT_CONVERSION = YES;
				GCC_WARN_ABOUT_RETURN_TYPE = YES_ERROR;
				GCC_WARN_UNDECLARED_SELECTOR = YES;
				GCC_WARN_UNINITIALIZED_AUTOS = YES_AGGRESSIVE;
				GCC_WARN_UNUSED_FUNCTION = YES;
				GCC_WARN_UNUSED_VARIABLE = YES;
				IPHONEOS_DEPLOYMENT_TARGET = 15.5;
				MTL_ENABLE_DEBUG_INFO = INCLUDE_SOURCE;
				MTL_FAST_MATH = YES;
				ONLY_ACTIVE_ARCH = YES;
				SDKROOT = iphoneos;
				SWIFT_ACTIVE_COMPILATION_CONDITIONS = DEBUG;
				SWIFT_OPTIMIZATION_LEVEL = "-Onone";
			};
			name = Debug;
		};
		543D32FA28CBA95500844088 /* Release */ = {
			isa = XCBuildConfiguration;
			buildSettings = {
				ALWAYS_SEARCH_USER_PATHS = NO;
				CLANG_ANALYZER_NONNULL = YES;
				CLANG_ANALYZER_NUMBER_OBJECT_CONVERSION = YES_AGGRESSIVE;
				CLANG_CXX_LANGUAGE_STANDARD = "gnu++17";
				CLANG_ENABLE_MODULES = YES;
				CLANG_ENABLE_OBJC_ARC = YES;
				CLANG_ENABLE_OBJC_WEAK = YES;
				CLANG_WARN_BLOCK_CAPTURE_AUTORELEASING = YES;
				CLANG_WARN_BOOL_CONVERSION = YES;
				CLANG_WARN_COMMA = YES;
				CLANG_WARN_CONSTANT_CONVERSION = YES;
				CLANG_WARN_DEPRECATED_OBJC_IMPLEMENTATIONS = YES;
				CLANG_WARN_DIRECT_OBJC_ISA_USAGE = YES_ERROR;
				CLANG_WARN_DOCUMENTATION_COMMENTS = YES;
				CLANG_WARN_EMPTY_BODY = YES;
				CLANG_WARN_ENUM_CONVERSION = YES;
				CLANG_WARN_INFINITE_RECURSION = YES;
				CLANG_WARN_INT_CONVERSION = YES;
				CLANG_WARN_NON_LITERAL_NULL_CONVERSION = YES;
				CLANG_WARN_OBJC_IMPLICIT_RETAIN_SELF = YES;
				CLANG_WARN_OBJC_LITERAL_CONVERSION = YES;
				CLANG_WARN_OBJC_ROOT_CLASS = YES_ERROR;
				CLANG_WARN_QUOTED_INCLUDE_IN_FRAMEWORK_HEADER = YES;
				CLANG_WARN_RANGE_LOOP_ANALYSIS = YES;
				CLANG_WARN_STRICT_PROTOTYPES = YES;
				CLANG_WARN_SUSPICIOUS_MOVE = YES;
				CLANG_WARN_UNGUARDED_AVAILABILITY = YES_AGGRESSIVE;
				CLANG_WARN_UNREACHABLE_CODE = YES;
				CLANG_WARN__DUPLICATE_METHOD_MATCH = YES;
				COPY_PHASE_STRIP = NO;
				DEBUG_INFORMATION_FORMAT = "dwarf-with-dsym";
				ENABLE_NS_ASSERTIONS = NO;
				ENABLE_STRICT_OBJC_MSGSEND = YES;
				GCC_C_LANGUAGE_STANDARD = gnu11;
				GCC_NO_COMMON_BLOCKS = YES;
				GCC_WARN_64_TO_32_BIT_CONVERSION = YES;
				GCC_WARN_ABOUT_RETURN_TYPE = YES_ERROR;
				GCC_WARN_UNDECLARED_SELECTOR = YES;
				GCC_WARN_UNINITIALIZED_AUTOS = YES_AGGRESSIVE;
				GCC_WARN_UNUSED_FUNCTION = YES;
				GCC_WARN_UNUSED_VARIABLE = YES;
				IPHONEOS_DEPLOYMENT_TARGET = 15.5;
				MTL_ENABLE_DEBUG_INFO = NO;
				MTL_FAST_MATH = YES;
				SDKROOT = iphoneos;
				SWIFT_COMPILATION_MODE = wholemodule;
				SWIFT_OPTIMIZATION_LEVEL = "-O";
				VALIDATE_PRODUCT = YES;
			};
			name = Release;
		};
		543D32FC28CBA95500844088 /* Debug */ = {
			isa = XCBuildConfiguration;
			buildSettings = {
				ASSETCATALOG_COMPILER_APPICON_NAME = AppIcon;
				ASSETCATALOG_COMPILER_GLOBAL_ACCENT_COLOR_NAME = AccentColor;
				CODE_SIGN_STYLE = Automatic;
				CURRENT_PROJECT_VERSION = 1;
				DEVELOPMENT_TEAM = LFVHYQRN95;
				GENERATE_INFOPLIST_FILE = YES;
				INFOPLIST_FILE = chap3/Info.plist;
				INFOPLIST_KEY_UIApplicationSupportsIndirectInputEvents = YES;
				INFOPLIST_KEY_UILaunchStoryboardName = LaunchScreen;
				INFOPLIST_KEY_UIMainStoryboardFile = Main;
				INFOPLIST_KEY_UISupportedInterfaceOrientations_iPad = "UIInterfaceOrientationPortrait UIInterfaceOrientationPortraitUpsideDown UIInterfaceOrientationLandscapeLeft UIInterfaceOrientationLandscapeRight";
				INFOPLIST_KEY_UISupportedInterfaceOrientations_iPhone = "UIInterfaceOrientationPortrait UIInterfaceOrientationLandscapeLeft UIInterfaceOrientationLandscapeRight";
				LD_RUNPATH_SEARCH_PATHS = (
					"$(inherited)",
					"@executable_path/Frameworks",
				);
				MARKETING_VERSION = 1.0;
				PRODUCT_BUNDLE_IDENTIFIER = ddwq.chap3;
				PRODUCT_NAME = "$(TARGET_NAME)";
				SWIFT_EMIT_LOC_STRINGS = YES;
				SWIFT_VERSION = 5.0;
				TARGETED_DEVICE_FAMILY = "1,2";
			};
			name = Debug;
		};
		543D32FD28CBA95500844088 /* Release */ = {
			isa = XCBuildConfiguration;
			buildSettings = {
				ASSETCATALOG_COMPILER_APPICON_NAME = AppIcon;
				ASSETCATALOG_COMPILER_GLOBAL_ACCENT_COLOR_NAME = AccentColor;
				CODE_SIGN_STYLE = Automatic;
				CURRENT_PROJECT_VERSION = 1;
				DEVELOPMENT_TEAM = LFVHYQRN95;
				GENERATE_INFOPLIST_FILE = YES;
				INFOPLIST_FILE = chap3/Info.plist;
				INFOPLIST_KEY_UIApplicationSupportsIndirectInputEvents = YES;
				INFOPLIST_KEY_UILaunchStoryboardName = LaunchScreen;
				INFOPLIST_KEY_UIMainStoryboardFile = Main;
				INFOPLIST_KEY_UISupportedInterfaceOrientations_iPad = "UIInterfaceOrientationPortrait UIInterfaceOrientationPortraitUpsideDown UIInterfaceOrientationLandscapeLeft UIInterfaceOrientationLandscapeRight";
				INFOPLIST_KEY_UISupportedInterfaceOrientations_iPhone = "UIInterfaceOrientationPortrait UIInterfaceOrientationLandscapeLeft UIInterfaceOrientationLandscapeRight";
				LD_RUNPATH_SEARCH_PATHS = (
					"$(inherited)",
					"@executable_path/Frameworks",
				);
				MARKETING_VERSION = 1.0;
				PRODUCT_BUNDLE_IDENTIFIER = ddwq.chap3;
				PRODUCT_NAME = "$(TARGET_NAME)";
				SWIFT_EMIT_LOC_STRINGS = YES;
				SWIFT_VERSION = 5.0;
				TARGETED_DEVICE_FAMILY = "1,2";
			};
			name = Release;
		};
		543D32FF28CBA95500844088 /* Debug */ = {
			isa = XCBuildConfiguration;
			buildSettings = {
				ALWAYS_EMBED_SWIFT_STANDARD_LIBRARIES = YES;
				BUNDLE_LOADER = "$(TEST_HOST)";
				CODE_SIGN_STYLE = Automatic;
				CURRENT_PROJECT_VERSION = 1;
				DEVELOPMENT_TEAM = LFVHYQRN95;
				GENERATE_INFOPLIST_FILE = YES;
				IPHONEOS_DEPLOYMENT_TARGET = 15.5;
				MARKETING_VERSION = 1.0;
				PRODUCT_BUNDLE_IDENTIFIER = ddwq.chap3Tests;
				PRODUCT_NAME = "$(TARGET_NAME)";
				SWIFT_EMIT_LOC_STRINGS = NO;
				SWIFT_VERSION = 5.0;
				TARGETED_DEVICE_FAMILY = "1,2";
				TEST_HOST = "$(BUILT_PRODUCTS_DIR)/chap3.app/chap3";
			};
			name = Debug;
		};
		543D330028CBA95500844088 /* Release */ = {
			isa = XCBuildConfiguration;
			buildSettings = {
				ALWAYS_EMBED_SWIFT_STANDARD_LIBRARIES = YES;
				BUNDLE_LOADER = "$(TEST_HOST)";
				CODE_SIGN_STYLE = Automatic;
				CURRENT_PROJECT_VERSION = 1;
				DEVELOPMENT_TEAM = LFVHYQRN95;
				GENERATE_INFOPLIST_FILE = YES;
				IPHONEOS_DEPLOYMENT_TARGET = 15.5;
				MARKETING_VERSION = 1.0;
				PRODUCT_BUNDLE_IDENTIFIER = ddwq.chap3Tests;
				PRODUCT_NAME = "$(TARGET_NAME)";
				SWIFT_EMIT_LOC_STRINGS = NO;
				SWIFT_VERSION = 5.0;
				TARGETED_DEVICE_FAMILY = "1,2";
				TEST_HOST = "$(BUILT_PRODUCTS_DIR)/chap3.app/chap3";
			};
			name = Release;
		};
		543D330228CBA95500844088 /* Debug */ = {
			isa = XCBuildConfiguration;
			buildSettings = {
				ALWAYS_EMBED_SWIFT_STANDARD_LIBRARIES = YES;
				CODE_SIGN_STYLE = Automatic;
				CURRENT_PROJECT_VERSION = 1;
				DEVELOPMENT_TEAM = LFVHYQRN95;
				GENERATE_INFOPLIST_FILE = YES;
				MARKETING_VERSION = 1.0;
				PRODUCT_BUNDLE_IDENTIFIER = ddwq.chap3UITests;
				PRODUCT_NAME = "$(TARGET_NAME)";
				SWIFT_EMIT_LOC_STRINGS = NO;
				SWIFT_VERSION = 5.0;
				TARGETED_DEVICE_FAMILY = "1,2";
				TEST_TARGET_NAME = chap3;
			};
			name = Debug;
		};
		543D330328CBA95500844088 /* Release */ = {
			isa = XCBuildConfiguration;
			buildSettings = {
				ALWAYS_EMBED_SWIFT_STANDARD_LIBRARIES = YES;
				CODE_SIGN_STYLE = Automatic;
				CURRENT_PROJECT_VERSION = 1;
				DEVELOPMENT_TEAM = LFVHYQRN95;
				GENERATE_INFOPLIST_FILE = YES;
				MARKETING_VERSION = 1.0;
				PRODUCT_BUNDLE_IDENTIFIER = ddwq.chap3UITests;
				PRODUCT_NAME = "$(TARGET_NAME)";
				SWIFT_EMIT_LOC_STRINGS = NO;
				SWIFT_VERSION = 5.0;
				TARGETED_DEVICE_FAMILY = "1,2";
				TEST_TARGET_NAME = chap3;
			};
			name = Release;
		};
/* End XCBuildConfiguration section */

/* Begin XCConfigurationList section */
		543D32CC28CBA95100844088 /* Build configuration list for PBXProject "chap3" */ = {
			isa = XCConfigurationList;
			buildConfigurations = (
				543D32F928CBA95500844088 /* Debug */,
				543D32FA28CBA95500844088 /* Release */,
			);
			defaultConfigurationIsVisible = 0;
			defaultConfigurationName = Release;
		};
		543D32FB28CBA95500844088 /* Build configuration list for PBXNativeTarget "chap3" */ = {
			isa = XCConfigurationList;
			buildConfigurations = (
				543D32FC28CBA95500844088 /* Debug */,
				543D32FD28CBA95500844088 /* Release */,
			);
			defaultConfigurationIsVisible = 0;
			defaultConfigurationName = Release;
		};
		543D32FE28CBA95500844088 /* Build configuration list for PBXNativeTarget "chap3Tests" */ = {
			isa = XCConfigurationList;
			buildConfigurations = (
				543D32FF28CBA95500844088 /* Debug */,
				543D330028CBA95500844088 /* Release */,
			);
			defaultConfigurationIsVisible = 0;
			defaultConfigurationName = Release;
		};
		543D330128CBA95500844088 /* Build configuration list for PBXNativeTarget "chap3UITests" */ = {
			isa = XCConfigurationList;
			buildConfigurations = (
				543D330228CBA95500844088 /* Debug */,
				543D330328CBA95500844088 /* Release */,
			);
			defaultConfigurationIsVisible = 0;
			defaultConfigurationName = Release;
		};
/* End XCConfigurationList section */
	};
	rootObject = 543D32C928CBA95100844088 /* Project object */;
}
